{
  "nodes": {
    "crane": {
      "flake": false,
      "locked": {
        "lastModified": 1670900067,
        "narHash": "sha256-VXVa+KBfukhmWizaiGiHRVX/fuk66P8dgSFfkVN4/MY=",
        "owner": "ipetkov",
        "repo": "crane",
        "rev": "59b31b41a589c0a65e4a1f86b0e5eac68081468b",
        "type": "github"
      },
      "original": {
        "owner": "ipetkov",
        "repo": "crane",
        "type": "github"
      }
    },
    "dream2nix": {
      "inputs": {
        "alejandra": [
          "pandoc-norg-rs",
          "nci"
        ],
        "all-cabal-json": [
          "pandoc-norg-rs",
          "nci"
        ],
        "crane": "crane",
        "devshell": [
          "pandoc-norg-rs",
          "nci"
        ],
        "flake-parts": [
          "pandoc-norg-rs",
          "nci",
          "parts"
        ],
        "flake-utils-pre-commit": [
          "pandoc-norg-rs",
          "nci"
        ],
        "ghc-utils": [
          "pandoc-norg-rs",
          "nci"
        ],
        "gomod2nix": [
          "pandoc-norg-rs",
          "nci"
        ],
        "mach-nix": [
          "pandoc-norg-rs",
          "nci"
        ],
        "nix-pypi-fetcher": [
          "pandoc-norg-rs",
          "nci"
        ],
        "nixpkgs": [
          "pandoc-norg-rs",
          "nci",
          "nixpkgs"
        ],
        "poetry2nix": [
          "pandoc-norg-rs",
          "nci"
        ],
        "pre-commit-hooks": [
          "pandoc-norg-rs",
          "nci"
        ],
        "pruned-racket-catalog": [
          "pandoc-norg-rs",
          "nci"
        ]
      },
      "locked": {
        "lastModified": 1677289985,
        "narHash": "sha256-lUp06cTTlWubeBGMZqPl9jODM99LpWMcwxRiscFAUJg=",
        "owner": "nix-community",
        "repo": "dream2nix",
        "rev": "28b973a8d4c30cc1cbb3377ea2023a76bc3fb889",
        "type": "github"
      },
      "original": {
        "owner": "nix-community",
        "repo": "dream2nix",
        "type": "github"
      }
    },
    "flake-utils": {
      "locked": {
        "lastModified": 1676283394,
        "narHash": "sha256-XX2f9c3iySLCw54rJ/CZs+ZK6IQy7GXNY4nSOyu2QG4=",
        "owner": "numtide",
        "repo": "flake-utils",
        "rev": "3db36a8b464d0c4532ba1c7dda728f4576d6d073",
        "type": "github"
      },
      "original": {
        "owner": "numtide",
        "repo": "flake-utils",
        "type": "github"
      }
    },
    "mk-naked-shell": {
      "flake": false,
      "locked": {
        "lastModified": 1676572903,
        "narHash": "sha256-oQoDHHUTxNVSURfkFcYLuAK+btjs30T4rbEUtCUyKy8=",
        "owner": "yusdacra",
        "repo": "mk-naked-shell",
        "rev": "aeca9f8aa592f5e8f71f407d081cb26fd30c5a57",
        "type": "github"
      },
      "original": {
        "owner": "yusdacra",
        "repo": "mk-naked-shell",
        "type": "github"
      }
    },
    "nci": {
      "inputs": {
        "dream2nix": "dream2nix",
        "mk-naked-shell": "mk-naked-shell",
        "nixpkgs": [
          "pandoc-norg-rs",
          "nixpkgs"
        ],
        "parts": "parts",
        "rust-overlay": "rust-overlay"
      },
      "locked": {
        "lastModified": 1677564763,
        "narHash": "sha256-demzVZ4AZvRrtbHXNMIrC3LaVtgD4I59bxA/l3qBUVA=",
        "owner": "yusdacra",
        "repo": "nix-cargo-integration",
        "rev": "cd5eb95efa70a262336ea3daaaaad2e00d98301e",
        "type": "github"
      },
      "original": {
        "owner": "yusdacra",
        "repo": "nix-cargo-integration",
        "type": "github"
      }
    },
    "nixpkgs": {
      "locked": {
        "lastModified": 1677407201,
        "narHash": "sha256-3blwdI9o1BAprkvlByHvtEm5HAIRn/XPjtcfiunpY7s=",
        "owner": "nixos",
        "repo": "nixpkgs",
        "rev": "7f5639fa3b68054ca0b062866dc62b22c3f11505",
        "type": "github"
      },
      "original": {
        "owner": "nixos",
        "ref": "nixos-unstable",
        "repo": "nixpkgs",
        "type": "github"
      }
    },
    "pandoc-norg-rs": {
      "inputs": {
        "nci": "nci",
        "nixpkgs": [
          "nixpkgs"
        ],
        "parts": "parts_2"
      },
      "locked": {
        "lastModified": 1677599440,
        "narHash": "sha256-CPKoSQ9HaNf1ec4TnMZtTb9+sZ9jD9IaTU71PPgvuV4=",
        "owner": "JCapucho",
        "repo": "pandoc-norg-rs",
        "rev": "a02829eacf8228bad521fd08bac55a3e521861ba",
        "type": "github"
      },
      "original": {
        "owner": "JCapucho",
        "repo": "pandoc-norg-rs",
        "type": "github"
      }
    },
    "parts": {
      "inputs": {
        "nixpkgs-lib": [
          "pandoc-norg-rs",
          "nci",
          "nixpkgs"
        ]
      },
      "locked": {
        "lastModified": 1675933616,
        "narHash": "sha256-/rczJkJHtx16IFxMmAWu5nNYcSXNg1YYXTHoGjLrLUA=",
        "owner": "hercules-ci",
        "repo": "flake-parts",
        "rev": "47478a4a003e745402acf63be7f9a092d51b83d7",
        "type": "github"
      },
      "original": {
        "owner": "hercules-ci",
        "repo": "flake-parts",
        "type": "github"
      }
    },
    "parts_2": {
      "inputs": {
        "nixpkgs-lib": [
          "pandoc-norg-rs",
          "nixpkgs"
        ]
      },
      "locked": {
        "lastModified": 1675933616,
        "narHash": "sha256-/rczJkJHtx16IFxMmAWu5nNYcSXNg1YYXTHoGjLrLUA=",
        "owner": "hercules-ci",
        "repo": "flake-parts",
        "rev": "47478a4a003e745402acf63be7f9a092d51b83d7",
        "type": "github"
      },
      "original": {
        "owner": "hercules-ci",
        "repo": "flake-parts",
        "type": "github"
      }
    },
    "root": {
      "inputs": {
        "flake-utils": "flake-utils",
        "nixpkgs": "nixpkgs",
        "pandoc-norg-rs": "pandoc-norg-rs"
      }
    },
    "rust-overlay": {
      "flake": false,
      "locked": {
        "lastModified": 1677551437,
        "narHash": "sha256-KidNaM3fTvixGQwJPrbR4hon6FjT2Doil1Fq1GaeLpA=",
        "owner": "oxalica",
        "repo": "rust-overlay",
        "rev": "c1df023b1aaded1b65a1f4ad604a98a58ab4db97",
        "type": "github"
      },
      "original": {
        "owner": "oxalica",
        "repo": "rust-overlay",
        "type": "github"
      }
    }
  },
  "root": "root",
  "version": 7
}
